// !$*UTF8*$!
{
	archiveVersion = 1;
	classes = {
	};
	objectVersion = 46;
	objects = {

/* Begin PBXBuildFile section */
		D766767E19065E1E004F416C /* Foundation.framework in Frameworks */ = {isa = PBXBuildFile; fileRef = D766767D19065E1E004F416C /* Foundation.framework */; };
		D766768019065E1E004F416C /* CoreGraphics.framework in Frameworks */ = {isa = PBXBuildFile; fileRef = D766767F19065E1E004F416C /* CoreGraphics.framework */; };
		D766768219065E1E004F416C /* UIKit.framework in Frameworks */ = {isa = PBXBuildFile; fileRef = D766768119065E1E004F416C /* UIKit.framework */; };
		D766768819065E1E004F416C /* InfoPlist.strings in Resources */ = {isa = PBXBuildFile; fileRef = D766768619065E1E004F416C /* InfoPlist.strings */; };
		D766768A19065E1E004F416C /* main.m in Sources */ = {isa = PBXBuildFile; fileRef = D766768919065E1E004F416C /* main.m */; };
		D766768E19065E1E004F416C /* AppDelegate.m in Sources */ = {isa = PBXBuildFile; fileRef = D766768D19065E1E004F416C /* AppDelegate.m */; };
		D766769019065E1E004F416C /* Images.xcassets in Resources */ = {isa = PBXBuildFile; fileRef = D766768F19065E1E004F416C /* Images.xcassets */; };
		D766769719065E1E004F416C /* XCTest.framework in Frameworks */ = {isa = PBXBuildFile; fileRef = D766769619065E1E004F416C /* XCTest.framework */; };
		D766769819065E1E004F416C /* Foundation.framework in Frameworks */ = {isa = PBXBuildFile; fileRef = D766767D19065E1E004F416C /* Foundation.framework */; };
		D766769919065E1E004F416C /* UIKit.framework in Frameworks */ = {isa = PBXBuildFile; fileRef = D766768119065E1E004F416C /* UIKit.framework */; };
		D76676A119065E1E004F416C /* InfoPlist.strings in Resources */ = {isa = PBXBuildFile; fileRef = D766769F19065E1E004F416C /* InfoPlist.strings */; };
		D76676A319065E1E004F416C /* FlipViewControllerDemoTests.m in Sources */ = {isa = PBXBuildFile; fileRef = D76676A219065E1E004F416C /* FlipViewControllerDemoTests.m */; };
		D76676B919065E39004F416C /* cat_1.jpg in Resources */ = {isa = PBXBuildFile; fileRef = D76676AD19065E39004F416C /* cat_1.jpg */; };
		D76676BA19065E39004F416C /* cat_2.jpg in Resources */ = {isa = PBXBuildFile; fileRef = D76676AE19065E39004F416C /* cat_2.jpg */; };
		D76676BB19065E39004F416C /* cat_3.jpg in Resources */ = {isa = PBXBuildFile; fileRef = D76676AF19065E39004F416C /* cat_3.jpg */; };
		D76676BC19065E39004F416C /* cat_4.jpg in Resources */ = {isa = PBXBuildFile; fileRef = D76676B019065E39004F416C /* cat_4.jpg */; };
		D76676BD19065E39004F416C /* cat_5.jpg in Resources */ = {isa = PBXBuildFile; fileRef = D76676B119065E39004F416C /* cat_5.jpg */; };
		D76676BE19065E39004F416C /* default-iPad.png in Resources */ = {isa = PBXBuildFile; fileRef = D76676B219065E39004F416C /* default-iPad.png */; };
		D76676BF19065E39004F416C /* default-iPhone.png in Resources */ = {isa = PBXBuildFile; fileRef = D76676B319065E39004F416C /* default-iPhone.png */; };
		D76676C019065E39004F416C /* people_1.jpg in Resources */ = {isa = PBXBuildFile; fileRef = D76676B419065E39004F416C /* people_1.jpg */; };
		D76676C119065E39004F416C /* people_2.jpg in Resources */ = {isa = PBXBuildFile; fileRef = D76676B519065E39004F416C /* people_2.jpg */; };
		D76676C219065E39004F416C /* people_3.jpg in Resources */ = {isa = PBXBuildFile; fileRef = D76676B619065E39004F416C /* people_3.jpg */; };
		D76676C319065E39004F416C /* people_4.jpg in Resources */ = {isa = PBXBuildFile; fileRef = D76676B719065E39004F416C /* people_4.jpg */; };
		D76676C419065E39004F416C /* people_5.jpg in Resources */ = {isa = PBXBuildFile; fileRef = D76676B819065E39004F416C /* people_5.jpg */; };
		D76676C919065E45004F416C /* iPadNavigationController.m in Sources */ = {isa = PBXBuildFile; fileRef = D76676C619065E45004F416C /* iPadNavigationController.m */; };
		D76676CA19065E45004F416C /* iPhoneNavigationController.m in Sources */ = {isa = PBXBuildFile; fileRef = D76676C819065E45004F416C /* iPhoneNavigationController.m */; };
		D76676CE19065E8F004F416C /* FlipViewController.m in Sources */ = {isa = PBXBuildFile; fileRef = D76676CD19065E8F004F416C /* FlipViewController.m */; };
/* End PBXBuildFile section */

/* Begin PBXContainerItemProxy section */
		D766769A19065E1E004F416C /* PBXContainerItemProxy */ = {
			isa = PBXContainerItemProxy;
			containerPortal = D766767219065E1D004F416C /* Project object */;
			proxyType = 1;
			remoteGlobalIDString = D766767919065E1E004F416C;
			remoteInfo = FlipViewControllerDemo;
		};
/* End PBXContainerItemProxy section */

/* Begin PBXFileReference section */
		D766767A19065E1E004F416C /* FlipViewControllerDemo.app */ = {isa = PBXFileReference; explicitFileType = wrapper.application; includeInIndex = 0; path = FlipViewControllerDemo.app; sourceTree = BUILT_PRODUCTS_DIR; };
		D766767D19065E1E004F416C /* Foundation.framework */ = {isa = PBXFileReference; lastKnownFileType = wrapper.framework; name = Foundation.framework; path = System/Library/Frameworks/Foundation.framework; sourceTree = SDKROOT; };
		D766767F19065E1E004F416C /* CoreGraphics.framework */ = {isa = PBXFileReference; lastKnownFileType = wrapper.framework; name = CoreGraphics.framework; path = System/Library/Frameworks/CoreGraphics.framework; sourceTree = SDKROOT; };
		D766768119065E1E004F416C /* UIKit.framework */ = {isa = PBXFileReference; lastKnownFileType = wrapper.framework; name = UIKit.framework; path = System/Library/Frameworks/UIKit.framework; sourceTree = SDKROOT; };
		D766768519065E1E004F416C /* FlipViewControllerDemo-Info.plist */ = {isa = PBXFileReference; lastKnownFileType = text.plist.xml; path = "FlipViewControllerDemo-Info.plist"; sourceTree = "<group>"; };
		D766768719065E1E004F416C /* en */ = {isa = PBXFileReference; lastKnownFileType = text.plist.strings; name = en; path = en.lproj/InfoPlist.strings; sourceTree = "<group>"; };
		D766768919065E1E004F416C /* main.m */ = {isa = PBXFileReference; lastKnownFileType = sourcecode.c.objc; path = main.m; sourceTree = "<group>"; };
		D766768B19065E1E004F416C /* FlipViewControllerDemo-Prefix.pch */ = {isa = PBXFileReference; lastKnownFileType = sourcecode.c.h; path = "FlipViewControllerDemo-Prefix.pch"; sourceTree = "<group>"; };
		D766768C19065E1E004F416C /* AppDelegate.h */ = {isa = PBXFileReference; lastKnownFileType = sourcecode.c.h; path = AppDelegate.h; sourceTree = "<group>"; };
		D766768D19065E1E004F416C /* AppDelegate.m */ = {isa = PBXFileReference; lastKnownFileType = sourcecode.c.objc; path = AppDelegate.m; sourceTree = "<group>"; };
		D766768F19065E1E004F416C /* Images.xcassets */ = {isa = PBXFileReference; lastKnownFileType = folder.assetcatalog; path = Images.xcassets; sourceTree = "<group>"; };
		D766769519065E1E004F416C /* FlipViewControllerDemoTests.xctest */ = {isa = PBXFileReference; explicitFileType = wrapper.cfbundle; includeInIndex = 0; path = FlipViewControllerDemoTests.xctest; sourceTree = BUILT_PRODUCTS_DIR; };
		D766769619065E1E004F416C /* XCTest.framework */ = {isa = PBXFileReference; lastKnownFileType = wrapper.framework; name = XCTest.framework; path = Library/Frameworks/XCTest.framework; sourceTree = DEVELOPER_DIR; };
		D766769E19065E1E004F416C /* FlipViewControllerDemoTests-Info.plist */ = {isa = PBXFileReference; lastKnownFileType = text.plist.xml; path = "FlipViewControllerDemoTests-Info.plist"; sourceTree = "<group>"; };
		D76676A019065E1E004F416C /* en */ = {isa = PBXFileReference; lastKnownFileType = text.plist.strings; name = en; path = en.lproj/InfoPlist.strings; sourceTree = "<group>"; };
		D76676A219065E1E004F416C /* FlipViewControllerDemoTests.m */ = {isa = PBXFileReference; lastKnownFileType = sourcecode.c.objc; path = FlipViewControllerDemoTests.m; sourceTree = "<group>"; };
		D76676AD19065E39004F416C /* cat_1.jpg */ = {isa = PBXFileReference; lastKnownFileType = image.jpeg; path = cat_1.jpg; sourceTree = "<group>"; };
		D76676AE19065E39004F416C /* cat_2.jpg */ = {isa = PBXFileReference; lastKnownFileType = image.jpeg; path = cat_2.jpg; sourceTree = "<group>"; };
		D76676AF19065E39004F416C /* cat_3.jpg */ = {isa = PBXFileReference; lastKnownFileType = image.jpeg; path = cat_3.jpg; sourceTree = "<group>"; };
		D76676B019065E39004F416C /* cat_4.jpg */ = {isa = PBXFileReference; lastKnownFileType = image.jpeg; path = cat_4.jpg; sourceTree = "<group>"; };
		D76676B119065E39004F416C /* cat_5.jpg */ = {isa = PBXFileReference; lastKnownFileType = image.jpeg; path = cat_5.jpg; sourceTree = "<group>"; };
		D76676B219065E39004F416C /* default-iPad.png */ = {isa = PBXFileReference; lastKnownFileType = image.png; path = "default-iPad.png"; sourceTree = "<group>"; };
		D76676B319065E39004F416C /* default-iPhone.png */ = {isa = PBXFileReference; lastKnownFileType = image.png; path = "default-iPhone.png"; sourceTree = "<group>"; };
		D76676B419065E39004F416C /* people_1.jpg */ = {isa = PBXFileReference; lastKnownFileType = image.jpeg; path = people_1.jpg; sourceTree = "<group>"; };
		D76676B519065E39004F416C /* people_2.jpg */ = {isa = PBXFileReference; lastKnownFileType = image.jpeg; path = people_2.jpg; sourceTree = "<group>"; };
		D76676B619065E39004F416C /* people_3.jpg */ = {isa = PBXFileReference; lastKnownFileType = image.jpeg; path = people_3.jpg; sourceTree = "<group>"; };
		D76676B719065E39004F416C /* people_4.jpg */ = {isa = PBXFileReference; lastKnownFileType = image.jpeg; path = people_4.jpg; sourceTree = "<group>"; };
		D76676B819065E39004F416C /* people_5.jpg */ = {isa = PBXFileReference; lastKnownFileType = image.jpeg; path = people_5.jpg; sourceTree = "<group>"; };
		D76676C519065E45004F416C /* iPadNavigationController.h */ = {isa = PBXFileReference; fileEncoding = 4; lastKnownFileType = sourcecode.c.h; path = iPadNavigationController.h; sourceTree = "<group>"; };
		D76676C619065E45004F416C /* iPadNavigationController.m */ = {isa = PBXFileReference; fileEncoding = 4; lastKnownFileType = sourcecode.c.objc; path = iPadNavigationController.m; sourceTree = "<group>"; };
		D76676C719065E45004F416C /* iPhoneNavigationController.h */ = {isa = PBXFileReference; fileEncoding = 4; lastKnownFileType = sourcecode.c.h; path = iPhoneNavigationController.h; sourceTree = "<group>"; };
		D76676C819065E45004F416C /* iPhoneNavigationController.m */ = {isa = PBXFileReference; fileEncoding = 4; lastKnownFileType = sourcecode.c.objc; path = iPhoneNavigationController.m; sourceTree = "<group>"; };
		D76676CC19065E8F004F416C /* FlipViewController.h */ = {isa = PBXFileReference; fileEncoding = 4; lastKnownFileType = sourcecode.c.h; path = FlipViewController.h; sourceTree = "<group>"; };
		D76676CD19065E8F004F416C /* FlipViewController.m */ = {isa = PBXFileReference; fileEncoding = 4; lastKnownFileType = sourcecode.c.objc; path = FlipViewController.m; sourceTree = "<group>"; };
/* End PBXFileReference section */

/* Begin PBXFrameworksBuildPhase section */
		D766767719065E1E004F416C /* Frameworks */ = {
			isa = PBXFrameworksBuildPhase;
			buildActionMask = 2147483647;
			files = (
				D766768019065E1E004F416C /* CoreGraphics.framework in Frameworks */,
				D766768219065E1E004F416C /* UIKit.framework in Frameworks */,
				D766767E19065E1E004F416C /* Foundation.framework in Frameworks */,
			);
			runOnlyForDeploymentPostprocessing = 0;
		};
		D766769219065E1E004F416C /* Frameworks */ = {
			isa = PBXFrameworksBuildPhase;
			buildActionMask = 2147483647;
			files = (
				D766769719065E1E004F416C /* XCTest.framework in Frameworks */,
				D766769919065E1E004F416C /* UIKit.framework in Frameworks */,
				D766769819065E1E004F416C /* Foundation.framework in Frameworks */,
			);
			runOnlyForDeploymentPostprocessing = 0;
		};
/* End PBXFrameworksBuildPhase section */

/* Begin PBXGroup section */
		D766767119065E1D004F416C = {
			isa = PBXGroup;
			children = (
				D766768319065E1E004F416C /* FlipViewControllerDemo */,
				D766769C19065E1E004F416C /* FlipViewControllerDemoTests */,
				D766767C19065E1E004F416C /* Frameworks */,
				D766767B19065E1E004F416C /* Products */,
			);
			sourceTree = "<group>";
		};
		D766767B19065E1E004F416C /* Products */ = {
			isa = PBXGroup;
			children = (
				D766767A19065E1E004F416C /* FlipViewControllerDemo.app */,
				D766769519065E1E004F416C /* FlipViewControllerDemoTests.xctest */,
			);
			name = Products;
			sourceTree = "<group>";
		};
		D766767C19065E1E004F416C /* Frameworks */ = {
			isa = PBXGroup;
			children = (
				D766767D19065E1E004F416C /* Foundation.framework */,
				D766767F19065E1E004F416C /* CoreGraphics.framework */,
				D766768119065E1E004F416C /* UIKit.framework */,
				D766769619065E1E004F416C /* XCTest.framework */,
			);
			name = Frameworks;
			sourceTree = "<group>";
		};
		D766768319065E1E004F416C /* FlipViewControllerDemo */ = {
			isa = PBXGroup;
			children = (
				D76676CB19065E8F004F416C /* Classes */,
				D76676AC19065E39004F416C /* Assets */,
				D766768C19065E1E004F416C /* AppDelegate.h */,
				D766768D19065E1E004F416C /* AppDelegate.m */,
				D76676C519065E45004F416C /* iPadNavigationController.h */,
				D76676C619065E45004F416C /* iPadNavigationController.m */,
				D76676C719065E45004F416C /* iPhoneNavigationController.h */,
				D76676C819065E45004F416C /* iPhoneNavigationController.m */,
				D766768F19065E1E004F416C /* Images.xcassets */,
				D766768419065E1E004F416C /* Supporting Files */,
			);
			path = FlipViewControllerDemo;
			sourceTree = "<group>";
		};
		D766768419065E1E004F416C /* Supporting Files */ = {
			isa = PBXGroup;
			children = (
				D766768519065E1E004F416C /* FlipViewControllerDemo-Info.plist */,
				D766768619065E1E004F416C /* InfoPlist.strings */,
				D766768919065E1E004F416C /* main.m */,
				D766768B19065E1E004F416C /* FlipViewControllerDemo-Prefix.pch */,
			);
			name = "Supporting Files";
			sourceTree = "<group>";
		};
		D766769C19065E1E004F416C /* FlipViewControllerDemoTests */ = {
			isa = PBXGroup;
			children = (
				D76676A219065E1E004F416C /* FlipViewControllerDemoTests.m */,
				D766769D19065E1E004F416C /* Supporting Files */,
			);
			path = FlipViewControllerDemoTests;
			sourceTree = "<group>";
		};
		D766769D19065E1E004F416C /* Supporting Files */ = {
			isa = PBXGroup;
			children = (
				D766769E19065E1E004F416C /* FlipViewControllerDemoTests-Info.plist */,
				D766769F19065E1E004F416C /* InfoPlist.strings */,
			);
			name = "Supporting Files";
			sourceTree = "<group>";
		};
		D76676AC19065E39004F416C /* Assets */ = {
			isa = PBXGroup;
			children = (
				D76676AD19065E39004F416C /* cat_1.jpg */,
				D76676AE19065E39004F416C /* cat_2.jpg */,
				D76676AF19065E39004F416C /* cat_3.jpg */,
				D76676B019065E39004F416C /* cat_4.jpg */,
				D76676B119065E39004F416C /* cat_5.jpg */,
				D76676B219065E39004F416C /* default-iPad.png */,
				D76676B319065E39004F416C /* default-iPhone.png */,
				D76676B419065E39004F416C /* people_1.jpg */,
				D76676B519065E39004F416C /* people_2.jpg */,
				D76676B619065E39004F416C /* people_3.jpg */,
				D76676B719065E39004F416C /* people_4.jpg */,
				D76676B819065E39004F416C /* people_5.jpg */,
			);
			path = Assets;
			sourceTree = "<group>";
		};
		D76676CB19065E8F004F416C /* Classes */ = {
			isa = PBXGroup;
			children = (
				D76676CC19065E8F004F416C /* FlipViewController.h */,
				D76676CD19065E8F004F416C /* FlipViewController.m */,
			);
			path = Classes;
			sourceTree = "<group>";
		};
/* End PBXGroup section */

/* Begin PBXNativeTarget section */
		D766767919065E1E004F416C /* FlipViewControllerDemo */ = {
			isa = PBXNativeTarget;
			buildConfigurationList = D76676A619065E1E004F416C /* Build configuration list for PBXNativeTarget "FlipViewControllerDemo" */;
			buildPhases = (
				D766767619065E1E004F416C /* Sources */,
				D766767719065E1E004F416C /* Frameworks */,
				D766767819065E1E004F416C /* Resources */,
			);
			buildRules = (
			);
			dependencies = (
			);
			name = FlipViewControllerDemo;
			productName = FlipViewControllerDemo;
			productReference = D766767A19065E1E004F416C /* FlipViewControllerDemo.app */;
			productType = "com.apple.product-type.application";
		};
		D766769419065E1E004F416C /* FlipViewControllerDemoTests */ = {
			isa = PBXNativeTarget;
			buildConfigurationList = D76676A919065E1E004F416C /* Build configuration list for PBXNativeTarget "FlipViewControllerDemoTests" */;
			buildPhases = (
				D766769119065E1E004F416C /* Sources */,
				D766769219065E1E004F416C /* Frameworks */,
				D766769319065E1E004F416C /* Resources */,
			);
			buildRules = (
			);
			dependencies = (
				D766769B19065E1E004F416C /* PBXTargetDependency */,
			);
			name = FlipViewControllerDemoTests;
			productName = FlipViewControllerDemoTests;
			productReference = D766769519065E1E004F416C /* FlipViewControllerDemoTests.xctest */;
			productType = "com.apple.product-type.bundle.unit-test";
		};
/* End PBXNativeTarget section */

/* Begin PBXProject section */
		D766767219065E1D004F416C /* Project object */ = {
			isa = PBXProject;
			attributes = {
				LastUpgradeCheck = 0510;
				ORGANIZATIONNAME = "Razorfish Healthware";
				TargetAttributes = {
					D766769419065E1E004F416C = {
						TestTargetID = D766767919065E1E004F416C;
					};
				};
			};
			buildConfigurationList = D766767519065E1D004F416C /* Build configuration list for PBXProject "FlipViewControllerDemo" */;
			compatibilityVersion = "Xcode 3.2";
			developmentRegion = English;
			hasScannedForEncodings = 0;
			knownRegions = (
				en,
			);
			mainGroup = D766767119065E1D004F416C;
			productRefGroup = D766767B19065E1E004F416C /* Products */;
			projectDirPath = "";
			projectRoot = "";
			targets = (
				D766767919065E1E004F416C /* FlipViewControllerDemo */,
				D766769419065E1E004F416C /* FlipViewControllerDemoTests */,
			);
		};
/* End PBXProject section */

/* Begin PBXResourcesBuildPhase section */
		D766767819065E1E004F416C /* Resources */ = {
			isa = PBXResourcesBuildPhase;
			buildActionMask = 2147483647;
			files = (
				D76676C419065E39004F416C /* people_5.jpg in Resources */,
				D766768819065E1E004F416C /* InfoPlist.strings in Resources */,
				D76676BC19065E39004F416C /* cat_4.jpg in Resources */,
				D76676C219065E39004F416C /* people_3.jpg in Resources */,
				D76676BA19065E39004F416C /* cat_2.jpg in Resources */,
				D76676BF19065E39004F416C /* default-iPhone.png in Resources */,
				D76676C019065E39004F416C /* people_1.jpg in Resources */,
				D76676BE19065E39004F416C /* default-iPad.png in Resources */,
				D76676B919065E39004F416C /* cat_1.jpg in Resources */,
				D766769019065E1E004F416C /* Images.xcassets in Resources */,
				D76676BB19065E39004F416C /* cat_3.jpg in Resources */,
				D76676C319065E39004F416C /* people_4.jpg in Resources */,
				D76676BD19065E39004F416C /* cat_5.jpg in Resources */,
				D76676C119065E39004F416C /* people_2.jpg in Resources */,
			);
			runOnlyForDeploymentPostprocessing = 0;
		};
		D766769319065E1E004F416C /* Resources */ = {
			isa = PBXResourcesBuildPhase;
			buildActionMask = 2147483647;
			files = (
				D76676A119065E1E004F416C /* InfoPlist.strings in Resources */,
			);
			runOnlyForDeploymentPostprocessing = 0;
		};
/* End PBXResourcesBuildPhase section */

/* Begin PBXSourcesBuildPhase section */
		D766767619065E1E004F416C /* Sources */ = {
			isa = PBXSourcesBuildPhase;
			buildActionMask = 2147483647;
			files = (
				D76676C919065E45004F416C /* iPadNavigationController.m in Sources */,
				D766768E19065E1E004F416C /* AppDelegate.m in Sources */,
				D76676CA19065E45004F416C /* iPhoneNavigationController.m in Sources */,
				D766768A19065E1E004F416C /* main.m in Sources */,
				D76676CE19065E8F004F416C /* FlipViewController.m in Sources */,
			);
			runOnlyForDeploymentPostprocessing = 0;
		};
		D766769119065E1E004F416C /* Sources */ = {
			isa = PBXSourcesBuildPhase;
			buildActionMask = 2147483647;
			files = (
				D76676A319065E1E004F416C /* FlipViewControllerDemoTests.m in Sources */,
			);
			runOnlyForDeploymentPostprocessing = 0;
		};
/* End PBXSourcesBuildPhase section */

/* Begin PBXTargetDependency section */
		D766769B19065E1E004F416C /* PBXTargetDependency */ = {
			isa = PBXTargetDependency;
			target = D766767919065E1E004F416C /* FlipViewControllerDemo */;
			targetProxy = D766769A19065E1E004F416C /* PBXContainerItemProxy */;
		};
/* End PBXTargetDependency section */

/* Begin PBXVariantGroup section */
		D766768619065E1E004F416C /* InfoPlist.strings */ = {
			isa = PBXVariantGroup;
			children = (
				D766768719065E1E004F416C /* en */,
			);
			name = InfoPlist.strings;
			sourceTree = "<group>";
		};
		D766769F19065E1E004F416C /* InfoPlist.strings */ = {
			isa = PBXVariantGroup;
			children = (
				D76676A019065E1E004F416C /* en */,
			);
			name = InfoPlist.strings;
			sourceTree = "<group>";
		};
/* End PBXVariantGroup section */

/* Begin XCBuildConfiguration section */
		D76676A419065E1E004F416C /* Debug */ = {
			isa = XCBuildConfiguration;
			buildSettings = {
				ALWAYS_SEARCH_USER_PATHS = NO;
				CLANG_CXX_LANGUAGE_STANDARD = "gnu++0x";
				CLANG_CXX_LIBRARY = "libc++";
				CLANG_ENABLE_MODULES = YES;
				CLANG_ENABLE_OBJC_ARC = YES;
				CLANG_WARN_BOOL_CONVERSION = YES;
				CLANG_WARN_CONSTANT_CONVERSION = YES;
				CLANG_WARN_DIRECT_OBJC_ISA_USAGE = YES_ERROR;
				CLANG_WARN_EMPTY_BODY = YES;
				CLANG_WARN_ENUM_CONVERSION = YES;
				CLANG_WARN_INT_CONVERSION = YES;
				CLANG_WARN_OBJC_ROOT_CLASS = YES_ERROR;
				CLANG_WARN__DUPLICATE_METHOD_MATCH = YES;
				"CODE_SIGN_IDENTITY[sdk=iphoneos*]" = "iPhone Developer";
				COPY_PHASE_STRIP = NO;
				GCC_C_LANGUAGE_STANDARD = gnu99;
				GCC_DYNAMIC_NO_PIC = NO;
				GCC_OPTIMIZATION_LEVEL = 0;
				GCC_PREPROCESSOR_DEFINITIONS = (
					"DEBUG=1",
					"$(inherited)",
				);
				GCC_SYMBOLS_PRIVATE_EXTERN = NO;
				GCC_WARN_64_TO_32_BIT_CONVERSION = YES;
				GCC_WARN_ABOUT_RETURN_TYPE = YES_ERROR;
				GCC_WARN_UNDECLARED_SELECTOR = YES;
				GCC_WARN_UNINITIALIZED_AUTOS = YES_AGGRESSIVE;
				GCC_WARN_UNUSED_FUNCTION = YES;
				GCC_WARN_UNUSED_VARIABLE = YES;
				IPHONEOS_DEPLOYMENT_TARGET = 7.1;
				ONLY_ACTIVE_ARCH = YES;
				SDKROOT = iphoneos;
				TARGETED_DEVICE_FAMILY = "1,2";
			};
			name = Debug;
		};
		D76676A519065E1E004F416C /* Release */ = {
			isa = XCBuildConfiguration;
			buildSettings = {
				ALWAYS_SEARCH_USER_PATHS = NO;
				CLANG_CXX_LANGUAGE_STANDARD = "gnu++0x";
				CLANG_CXX_LIBRARY = "libc++";
				CLANG_ENABLE_MODULES = YES;
				CLANG_ENABLE_OBJC_ARC = YES;
				CLANG_WARN_BOOL_CONVERSION = YES;
				CLANG_WARN_CONSTANT_CONVERSION = YES;
				CLANG_WARN_DIRECT_OBJC_ISA_USAGE = YES_ERROR;
				CLANG_WARN_EMPTY_BODY = YES;
				CLANG_WARN_ENUM_CONVERSION = YES;
				CLANG_WARN_INT_CONVERSION = YES;
				CLANG_WARN_OBJC_ROOT_CLASS = YES_ERROR;
				CLANG_WARN__DUPLICATE_METHOD_MATCH = YES;
				"CODE_SIGN_IDENTITY[sdk=iphoneos*]" = "iPhone Developer";
				COPY_PHASE_STRIP = YES;
				ENABLE_NS_ASSERTIONS = NO;
				GCC_C_LANGUAGE_STANDARD = gnu99;
				GCC_WARN_64_TO_32_BIT_CONVERSION = YES;
				GCC_WARN_ABOUT_RETURN_TYPE = YES_ERROR;
				GCC_WARN_UNDECLARED_SELECTOR = YES;
				GCC_WARN_UNINITIALIZED_AUTOS = YES_AGGRESSIVE;
				GCC_WARN_UNUSED_FUNCTION = YES;
				GCC_WARN_UNUSED_VARIABLE = YES;
				IPHONEOS_DEPLOYMENT_TARGET = 7.1;
				SDKROOT = iphoneos;
				TARGETED_DEVICE_FAMILY = "1,2";
				VALIDATE_PRODUCT = YES;
			};
			name = Release;
		};
		D76676A719065E1E004F416C /* Debug */ = {
			isa = XCBuildConfiguration;
			buildSettings = {
				ASSETCATALOG_COMPILER_APPICON_NAME = AppIcon;
				ASSETCATALOG_COMPILER_LAUNCHIMAGE_NAME = LaunchImage;
				GCC_PRECOMPILE_PREFIX_HEADER = YES;
				GCC_PREFIX_HEADER = "FlipViewControllerDemo/FlipViewControllerDemo-Prefix.pch";
				INFOPLIST_FILE = "FlipViewControllerDemo/FlipViewControllerDemo-Info.plist";
				PRODUCT_NAME = "$(TARGET_NAME)";
				WRAPPER_EXTENSION = app;
			};
			name = Debug;
		};
		D76676A819065E1E004F416C /* Release */ = {
			isa = XCBuildConfiguration;
			buildSettings = {
				ASSETCATALOG_COMPILER_APPICON_NAME = AppIcon;
				ASSETCATALOG_COMPILER_LAUNCHIMAGE_NAME = LaunchImage;
				GCC_PRECOMPILE_PREFIX_HEADER = YES;
				GCC_PREFIX_HEADER = "FlipViewControllerDemo/FlipViewControllerDemo-Prefix.pch";
				INFOPLIST_FILE = "FlipViewControllerDemo/FlipViewControllerDemo-Info.plist";
				PRODUCT_NAME = "$(TARGET_NAME)";
				WRAPPER_EXTENSION = app;
			};
			name = Release;
		};
		D76676AA19065E1E004F416C /* Debug */ = {
			isa = XCBuildConfiguration;
			buildSettings = {
				BUNDLE_LOADER = "$(BUILT_PRODUCTS_DIR)/FlipViewControllerDemo.app/FlipViewControllerDemo";
				FRAMEWORK_SEARCH_PATHS = (
					"$(SDKROOT)/Developer/Library/Frameworks",
					"$(inherited)",
					"$(DEVELOPER_FRAMEWORKS_DIR)",
				);
				GCC_PRECOMPILE_PREFIX_HEADER = YES;
				GCC_PREFIX_HEADER = "FlipViewControllerDemo/FlipViewControllerDemo-Prefix.pch";
				GCC_PREPROCESSOR_DEFINITIONS = (
					"DEBUG=1",
					"$(inherited)",
				);
				INFOPLIST_FILE = "FlipViewControllerDemoTests/FlipViewControllerDemoTests-Info.plist";
				PRODUCT_NAME = "$(TARGET_NAME)";
				TEST_HOST = "$(BUNDLE_LOADER)";
				WRAPPER_EXTENSION = xctest;
			};
			name = Debug;
		};
		D76676AB19065E1E004F416C /* Release */ = {
			isa = XCBuildConfiguration;
			buildSettings = {
				BUNDLE_LOADER = "$(BUILT_PRODUCTS_DIR)/FlipViewControllerDemo.app/FlipViewControllerDemo";
				FRAMEWORK_SEARCH_PATHS = (
					"$(SDKROOT)/Developer/Library/Frameworks",
					"$(inherited)",
					"$(DEVELOPER_FRAMEWORKS_DIR)",
				);
				GCC_PRECOMPILE_PREFIX_HEADER = YES;
				GCC_PREFIX_HEADER = "FlipViewControllerDemo/FlipViewControllerDemo-Prefix.pch";
				INFOPLIST_FILE = "FlipViewControllerDemoTests/FlipViewControllerDemoTests-Info.plist";
				PRODUCT_NAME = "$(TARGET_NAME)";
				TEST_HOST = "$(BUNDLE_LOADER)";
				WRAPPER_EXTENSION = xctest;
			};
			name = Release;
		};
/* End XCBuildConfiguration section */

/* Begin XCConfigurationList section */
		D766767519065E1D004F416C /* Build configuration list for PBXProject "FlipViewControllerDemo" */ = {
			isa = XCConfigurationList;
			buildConfigurations = (
				D76676A419065E1E004F416C /* Debug */,
				D76676A519065E1E004F416C /* Release */,
			);
			defaultConfigurationIsVisible = 0;
			defaultConfigurationName = Release;
		};
		D76676A619065E1E004F416C /* Build configuration list for PBXNativeTarget "FlipViewControllerDemo" */ = {
			isa = XCConfigurationList;
			buildConfigurations = (
				D76676A719065E1E004F416C /* Debug */,
				D76676A819065E1E004F416C /* Release */,
			);
			defaultConfigurationIsVisible = 0;
			defaultConfigurationName = Release;
		};
		D76676A919065E1E004F416C /* Build configuration list for PBXNativeTarget "FlipViewControllerDemoTests" */ = {
			isa = XCConfigurationList;
			buildConfigurations = (
				D76676AA19065E1E004F416C /* Debug */,
				D76676AB19065E1E004F416C /* Release */,
			);
			defaultConfigurationIsVisible = 0;
			defaultConfigurationName = Release;
		};
/* End XCConfigurationList section */
	};
	rootObject = D766767219065E1D004F416C /* Project object */;
}
